
Microsoft Visual Studio Solution File, Format Version 11.00
# Visual Studio 2010
Project("{FAE04EC0-301F-11D3-BF4B-00C04F79EFBC}") = "Assembly-CSharp", "Assembly-CSharp.csproj", "{18aa2f24-6d97-57af-21ef-d42ecbba601f}"
EndProject
Project("{FAE04EC0-301F-11D3-BF4B-00C04F79EFBC}") = "Assembly-CSharp-Editor", "Assembly-CSharp-Editor.csproj", "{35175620-e652-686c-0be7-ed15ad4d75e8}"
EndProject
Global
	GlobalSection(SolutionConfigurationPlatforms) = preSolution
		Debug|Any CPU = Debug|Any CPU
	EndGlobalSection
	GlobalSection(ProjectConfigurationPlatforms) = postSolution
		{18aa2f24-6d97-57af-21ef-d42ecbba601f}.Debug|Any CPU.ActiveCfg = Debug|Any CPU
		{18aa2f24-6d97-57af-21ef-d42ecbba601f}.Debug|Any CPU.Build.0 = Debug|Any CPU
		{35175620-e652-686c-0be7-ed15ad4d75e8}.Debug|Any CPU.ActiveCfg = Debug|Any CPU
		{35175620-e652-686c-0be7-ed15ad4d75e8}.Debug|Any CPU.Build.0 = Debug|Any CPU
	EndGlobalSection
	GlobalSection(SolutionProperties) = preSolution
		HideSolutionNode = FALSE
	EndGlobalSection
EndGlobal
